# This file is automatically @generated by Cargo.
# It is not intended for manual editing.
version = 3

[[package]]
name = "bincode"
version = "1.3.3"
source = "registry+https://github.com/rust-lang/crates.io-index"
checksum = "b1f45e9417d87227c7a56d22e471c6206462cba514c7590c09aff4cf6d1ddcad"
dependencies = [
 "serde",
]

[[package]]
name = "proc-macro2"
version = "1.0.89"
source = "registry+https://github.com/rust-lang/crates.io-index"
checksum = "f139b0662de085916d1fb67d2b4169d1addddda1919e696f3252b740b629986e"
dependencies = [
 "unicode-ident",
]

[[package]]
name = "quote"
version = "1.0.37"
source = "registry+https://github.com/rust-lang/crates.io-index"
checksum = "b5b9d34b8991d19d98081b46eacdd8eb58c6f2b201139f7c5f643cc155a633af"
dependencies = [
 "proc-macro2",
]

[[package]]
name = "serde"
version = "1.0.212"
source = "registry+https://github.com/rust-lang/crates.io-index"
checksum = "ccd4055b7e3937a5c2595e974f5bf1715a23919a595a04b5ad959bdbbb61ab04"
dependencies = [
 "serde_derive",
]

[[package]]
name = "serde_derive"
version = "1.0.212"
source = "registry+https://github.com/rust-lang/crates.io-index"
checksum = "726adf8349784fb68a42e6466f49362ae039d9c5333cc6eb131f4d6f94bb9126"
dependencies = [
 "proc-macro2",
 "quote",
 "syn",
]

[[package]]
name = "stmc"
version = "0.2.3"
dependencies = [
 "bincode",
 "serde",
]

[[package]]
name = "syn"
version = "2.0.82"
source = "registry+https://github.com/rust-lang/crates.io-index"
checksum = "83540f837a8afc019423a8edb95b52a8effe46957ee402287f4292fae35be021"
dependencies = [
 "proc-macro2",
 "quote",
 "unicode-ident",
]

[[package]]
name = "unicode-ident"
version = "1.0.11"
source = "registry+https://github.com/rust-lang/crates.io-index"
checksum = "301abaae475aa91687eb82514b328ab47a211a533026cb25fc3e519b86adfc3c"
